
Microsoft Visual Studio Solution File, Format Version 12.00
# Visual Studio Version 17
VisualStudioVersion = 17.1.32414.318
MinimumVisualStudioVersion = 10.0.40219.1
Project("{FAE04EC0-301F-11D3-BF4B-00C04F79EFBC}") = "Password Generator", "Password Generator\Password Generator.csproj", "{917BF10F-265B-4FEC-B2BB-A2B91DEB47F2}"
EndProject
Global
	GlobalSection(SolutionConfigurationPlatforms) = preSolution
		Debug|Any CPU = Debug|Any CPU
		Release|Any CPU = Release|Any CPU
	EndGlobalSection
	GlobalSection(ProjectConfigurationPlatforms) = postSolution
		{917BF10F-265B-4FEC-B2BB-A2B91DEB47F2}.Debug|Any CPU.ActiveCfg = Debug|Any CPU
		{917BF10F-265B-4FEC-B2BB-A2B91DEB47F2}.Debug|Any CPU.Build.0 = Debug|Any CPU
		{917BF10F-265B-4FEC-B2BB-A2B91DEB47F2}.Release|Any CPU.ActiveCfg = Release|Any CPU
		{917BF10F-265B-4FEC-B2BB-A2B91DEB47F2}.Release|Any CPU.Build.0 = Release|Any CPU
	EndGlobalSection
	GlobalSection(SolutionProperties) = preSolution
		HideSolutionNode = FALSE
	EndGlobalSection
	GlobalSection(ExtensibilityGlobals) = postSolution
		SolutionGuid = {2E89B922-07BD-48EA-BEC7-4B87BD9E489B}
	EndGlobalSection
EndGlobal
